
Microsoft Visual Studio Solution File, Format Version 12.00
# Visual Studio Version 16
VisualStudioVersion = 16.0.32510.428
MinimumVisualStudioVersion = 10.0.40219.1
Project("{FAE04EC0-301F-11D3-BF4B-00C04F79EFBC}") = "DevExpressWinFormsExtension", "DevExpressWinFormsExtension.csproj", "{52971080-F195-4546-83EC-F1AF004DFC39}"
EndProject
Global
	GlobalSection(SolutionConfigurationPlatforms) = preSolution
		Debug|Any CPU = Debug|Any CPU
		Release|Any CPU = Release|Any CPU
	EndGlobalSection
	GlobalSection(ProjectConfigurationPlatforms) = postSolution
		{52971080-F195-4546-83EC-F1AF004DFC39}.Debug|Any CPU.ActiveCfg = Debug|Any CPU
		{52971080-F195-4546-83EC-F1AF004DFC39}.Debug|Any CPU.Build.0 = Debug|Any CPU
		{52971080-F195-4546-83EC-F1AF004DFC39}.Release|Any CPU.ActiveCfg = Release|Any CPU
		{52971080-F195-4546-83EC-F1AF004DFC39}.Release|Any CPU.Build.0 = Release|Any CPU
	EndGlobalSection
	GlobalSection(SolutionProperties) = preSolution
		HideSolutionNode = FALSE
	EndGlobalSection
	GlobalSection(ExtensibilityGlobals) = postSolution
		SolutionGuid = {B695012C-2E6F-462B-98F2-C700A0E10599}
	EndGlobalSection
EndGlobal
